
Microsoft Visual Studio Solution File, Format Version 12.00
# Visual Studio Version 17
VisualStudioVersion = 17.2.32602.215
MinimumVisualStudioVersion = 10.0.40219.1
Project("{FAE04EC0-301F-11D3-BF4B-00C04F79EFBC}") = "BulkyLaptopWeb", "BulkyLaptopWeb\BulkyLaptopWeb.csproj", "{056FBD61-60B7-4F49-86C1-5C23FECF455B}"
EndProject
Global
	GlobalSection(SolutionConfigurationPlatforms) = preSolution
		Debug|Any CPU = Debug|Any CPU
		Release|Any CPU = Release|Any CPU
	EndGlobalSection
	GlobalSection(ProjectConfigurationPlatforms) = postSolution
		{056FBD61-60B7-4F49-86C1-5C23FECF455B}.Debug|Any CPU.ActiveCfg = Debug|Any CPU
		{056FBD61-60B7-4F49-86C1-5C23FECF455B}.Debug|Any CPU.Build.0 = Debug|Any CPU
		{056FBD61-60B7-4F49-86C1-5C23FECF455B}.Release|Any CPU.ActiveCfg = Release|Any CPU
		{056FBD61-60B7-4F49-86C1-5C23FECF455B}.Release|Any CPU.Build.0 = Release|Any CPU
	EndGlobalSection
	GlobalSection(SolutionProperties) = preSolution
		HideSolutionNode = FALSE
	EndGlobalSection
	GlobalSection(ExtensibilityGlobals) = postSolution
		SolutionGuid = {C40F842C-85E2-4EFA-8EE3-9FE30146646D}
	EndGlobalSection
EndGlobal
